
Microsoft Visual Studio Solution File, Format Version 12.00
# Visual Studio 15
VisualStudioVersion = 15.0.28307.539
MinimumVisualStudioVersion = 10.0.40219.1
Project("{FAE04EC0-301F-11D3-BF4B-00C04F79EFBC}") = "MoviesMVC_inClass", "MoviesMVC_inClass\MoviesMVC_inClass.csproj", "{07F8D932-FCD7-47D5-A3D9-38E227CDF2D8}"
EndProject
Project("{FAE04EC0-301F-11D3-BF4B-00C04F79EFBC}") = "MoviesMVC_inClass.Tests", "MoviesMVC_inClass.Tests\MoviesMVC_inClass.Tests.csproj", "{8BFD7B79-713B-498E-92F3-EB8524F4DC33}"
EndProject
Global
	GlobalSection(SolutionConfigurationPlatforms) = preSolution
		Debug|Any CPU = Debug|Any CPU
		Release|Any CPU = Release|Any CPU
	EndGlobalSection
	GlobalSection(ProjectConfigurationPlatforms) = postSolution
		{07F8D932-FCD7-47D5-A3D9-38E227CDF2D8}.Debug|Any CPU.ActiveCfg = Debug|Any CPU
		{07F8D932-FCD7-47D5-A3D9-38E227CDF2D8}.Debug|Any CPU.Build.0 = Debug|Any CPU
		{07F8D932-FCD7-47D5-A3D9-38E227CDF2D8}.Release|Any CPU.ActiveCfg = Release|Any CPU
		{07F8D932-FCD7-47D5-A3D9-38E227CDF2D8}.Release|Any CPU.Build.0 = Release|Any CPU
		{8BFD7B79-713B-498E-92F3-EB8524F4DC33}.Debug|Any CPU.ActiveCfg = Debug|Any CPU
		{8BFD7B79-713B-498E-92F3-EB8524F4DC33}.Debug|Any CPU.Build.0 = Debug|Any CPU
		{8BFD7B79-713B-498E-92F3-EB8524F4DC33}.Release|Any CPU.ActiveCfg = Release|Any CPU
		{8BFD7B79-713B-498E-92F3-EB8524F4DC33}.Release|Any CPU.Build.0 = Release|Any CPU
	EndGlobalSection
	GlobalSection(SolutionProperties) = preSolution
		HideSolutionNode = FALSE
	EndGlobalSection
	GlobalSection(ExtensibilityGlobals) = postSolution
		SolutionGuid = {E3220245-295A-4A58-A784-E07B38E5781F}
	EndGlobalSection
EndGlobal
